schema: '2.0'
stages:
  split:
    cmd: python src/data/split_data.py
    deps:
    - path: data/raw_data/raw.csv
      hash: md5
      md5: 617b56af2992376d5c3e91ad80823898
      size: 333757
    - path: src/data/split_data.py
      hash: md5
      md5: 69f11d9839c99227813022604a5b0647
      size: 2720
    params:
      params.yaml:
        split:
          test_size: 0.2
          random_state: 42
    outs:
    - path: data/processed_data/X_test.csv
      hash: md5
      md5: 0e96e0ba3291417bed53b54b1f652a9d
      size: 52866
    - path: data/processed_data/X_train.csv
      hash: md5
      md5: 9c692a66c13c842645c9050e64165de0
      size: 210339
    - path: data/processed_data/y_test.csv
      hash: md5
      md5: f4af67a3212ab00e1efdd89341223f56
      size: 6473
    - path: data/processed_data/y_train.csv
      hash: md5
      md5: adf073bca29464cdfad732520f736bde
      size: 26009
